
Microsoft Visual Studio Solution File, Format Version 12.00
# Visual Studio 15
VisualStudioVersion = 15.0.28307.489
MinimumVisualStudioVersion = 10.0.40219.1
Project("{FAE04EC0-301F-11D3-BF4B-00C04F79EFBC}") = "Deliverable7", "Deliverable7\Deliverable7.csproj", "{8BB7FDF1-EE95-4189-B751-7B98023D734B}"
EndProject
Project("{FAE04EC0-301F-11D3-BF4B-00C04F79EFBC}") = "BaseObjects", "BaseObjects\BaseObjects.csproj", "{A4136D77-2BFA-495A-A8F4-ADDE5C7C84EF}"
EndProject
Project("{FAE04EC0-301F-11D3-BF4B-00C04F79EFBC}") = "Deliverable7.UnitTests", "Deliverable7.UnitTests\Deliverable7.UnitTests.csproj", "{3268DF50-64EB-410F-B12E-1D4FD3494FF8}"
EndProject
Global
	GlobalSection(SolutionConfigurationPlatforms) = preSolution
		Debug|Any CPU = Debug|Any CPU
		Release|Any CPU = Release|Any CPU
	EndGlobalSection
	GlobalSection(ProjectConfigurationPlatforms) = postSolution
		{8BB7FDF1-EE95-4189-B751-7B98023D734B}.Debug|Any CPU.ActiveCfg = Debug|Any CPU
		{8BB7FDF1-EE95-4189-B751-7B98023D734B}.Debug|Any CPU.Build.0 = Debug|Any CPU
		{8BB7FDF1-EE95-4189-B751-7B98023D734B}.Release|Any CPU.ActiveCfg = Release|Any CPU
		{8BB7FDF1-EE95-4189-B751-7B98023D734B}.Release|Any CPU.Build.0 = Release|Any CPU
		{A4136D77-2BFA-495A-A8F4-ADDE5C7C84EF}.Debug|Any CPU.ActiveCfg = Debug|Any CPU
		{A4136D77-2BFA-495A-A8F4-ADDE5C7C84EF}.Debug|Any CPU.Build.0 = Debug|Any CPU
		{A4136D77-2BFA-495A-A8F4-ADDE5C7C84EF}.Release|Any CPU.ActiveCfg = Release|Any CPU
		{A4136D77-2BFA-495A-A8F4-ADDE5C7C84EF}.Release|Any CPU.Build.0 = Release|Any CPU
		{3268DF50-64EB-410F-B12E-1D4FD3494FF8}.Debug|Any CPU.ActiveCfg = Debug|Any CPU
		{3268DF50-64EB-410F-B12E-1D4FD3494FF8}.Debug|Any CPU.Build.0 = Debug|Any CPU
		{3268DF50-64EB-410F-B12E-1D4FD3494FF8}.Release|Any CPU.ActiveCfg = Release|Any CPU
		{3268DF50-64EB-410F-B12E-1D4FD3494FF8}.Release|Any CPU.Build.0 = Release|Any CPU
	EndGlobalSection
	GlobalSection(SolutionProperties) = preSolution
		HideSolutionNode = FALSE
	EndGlobalSection
	GlobalSection(ExtensibilityGlobals) = postSolution
		SolutionGuid = {E0971D17-D182-40AB-A1A8-699E1C3D6563}
	EndGlobalSection
EndGlobal
